
Microsoft Visual Studio Solution File, Format Version 12.00
# Visual Studio Version 17
VisualStudioVersion = 17.8.34322.80
MinimumVisualStudioVersion = 10.0.40219.1
Project("{9A19103F-16F7-4668-BE54-9A1E7A4F7556}") = "Organizer", "Organizer\Organizer.csproj", "{216579BB-6648-4F76-ABE7-5B194A443053}"
EndProject
Project("{2150E333-8FDC-42A3-9474-1A3956D46DE8}") = "Solution Items", "Solution Items", "{E2E06283-89E8-4DBE-9594-AA3C6135FCD4}"
	ProjectSection(SolutionItems) = preProject
		readme.md = readme.md
	EndProjectSection
EndProject
Project("{9A19103F-16F7-4668-BE54-9A1E7A4F7556}") = "BornToMove", "BornToMove\BornToMove.csproj", "{A6DD2219-6BE5-4441-8B59-53DFB2BF5CCE}"
EndProject
Project("{9A19103F-16F7-4668-BE54-9A1E7A4F7556}") = "BornToMove.Business", "BornToMove.Business\BornToMove.Business.csproj", "{E2846643-098A-4C42-A4BE-C7B2214F145B}"
EndProject
Project("{9A19103F-16F7-4668-BE54-9A1E7A4F7556}") = "BornToMove.DAL", "BornToMove.DAL\BornToMove.DAL.csproj", "{05AB56FF-2180-4D1B-BCA6-A37079AA71CF}"
EndProject
Global
	GlobalSection(SolutionConfigurationPlatforms) = preSolution
		Debug|Any CPU = Debug|Any CPU
		Release|Any CPU = Release|Any CPU
	EndGlobalSection
	GlobalSection(ProjectConfigurationPlatforms) = postSolution
		{216579BB-6648-4F76-ABE7-5B194A443053}.Debug|Any CPU.ActiveCfg = Debug|Any CPU
		{216579BB-6648-4F76-ABE7-5B194A443053}.Debug|Any CPU.Build.0 = Debug|Any CPU
		{216579BB-6648-4F76-ABE7-5B194A443053}.Release|Any CPU.ActiveCfg = Release|Any CPU
		{216579BB-6648-4F76-ABE7-5B194A443053}.Release|Any CPU.Build.0 = Release|Any CPU
		{A6DD2219-6BE5-4441-8B59-53DFB2BF5CCE}.Debug|Any CPU.ActiveCfg = Debug|Any CPU
		{A6DD2219-6BE5-4441-8B59-53DFB2BF5CCE}.Debug|Any CPU.Build.0 = Debug|Any CPU
		{A6DD2219-6BE5-4441-8B59-53DFB2BF5CCE}.Release|Any CPU.ActiveCfg = Release|Any CPU
		{A6DD2219-6BE5-4441-8B59-53DFB2BF5CCE}.Release|Any CPU.Build.0 = Release|Any CPU
		{E2846643-098A-4C42-A4BE-C7B2214F145B}.Debug|Any CPU.ActiveCfg = Debug|Any CPU
		{E2846643-098A-4C42-A4BE-C7B2214F145B}.Debug|Any CPU.Build.0 = Debug|Any CPU
		{E2846643-098A-4C42-A4BE-C7B2214F145B}.Release|Any CPU.ActiveCfg = Release|Any CPU
		{E2846643-098A-4C42-A4BE-C7B2214F145B}.Release|Any CPU.Build.0 = Release|Any CPU
		{05AB56FF-2180-4D1B-BCA6-A37079AA71CF}.Debug|Any CPU.ActiveCfg = Debug|Any CPU
		{05AB56FF-2180-4D1B-BCA6-A37079AA71CF}.Debug|Any CPU.Build.0 = Debug|Any CPU
		{05AB56FF-2180-4D1B-BCA6-A37079AA71CF}.Release|Any CPU.ActiveCfg = Release|Any CPU
		{05AB56FF-2180-4D1B-BCA6-A37079AA71CF}.Release|Any CPU.Build.0 = Release|Any CPU
	EndGlobalSection
	GlobalSection(SolutionProperties) = preSolution
		HideSolutionNode = FALSE
	EndGlobalSection
	GlobalSection(ExtensibilityGlobals) = postSolution
		SolutionGuid = {E474BE5C-8B2C-4C5D-94CB-715EC3D38241}
	EndGlobalSection
EndGlobal
